
Microsoft Visual Studio Solution File, Format Version 12.00
# Visual Studio Version 16
VisualStudioVersion = 16.0.31424.327
MinimumVisualStudioVersion = 10.0.40219.1
Project("{FAE04EC0-301F-11D3-BF4B-00C04F79EFBC}") = "fappy_bird_game", "fappy_bird_game\fappy_bird_game.csproj", "{0E5ECD1E-F0F3-44B6-A4A7-81EF7E9B1878}"
EndProject
Global
	GlobalSection(SolutionConfigurationPlatforms) = preSolution
		Debug|Any CPU = Debug|Any CPU
		Release|Any CPU = Release|Any CPU
	EndGlobalSection
	GlobalSection(ProjectConfigurationPlatforms) = postSolution
		{0E5ECD1E-F0F3-44B6-A4A7-81EF7E9B1878}.Debug|Any CPU.ActiveCfg = Debug|Any CPU
		{0E5ECD1E-F0F3-44B6-A4A7-81EF7E9B1878}.Debug|Any CPU.Build.0 = Debug|Any CPU
		{0E5ECD1E-F0F3-44B6-A4A7-81EF7E9B1878}.Release|Any CPU.ActiveCfg = Release|Any CPU
		{0E5ECD1E-F0F3-44B6-A4A7-81EF7E9B1878}.Release|Any CPU.Build.0 = Release|Any CPU
	EndGlobalSection
	GlobalSection(SolutionProperties) = preSolution
		HideSolutionNode = FALSE
	EndGlobalSection
	GlobalSection(ExtensibilityGlobals) = postSolution
		SolutionGuid = {F2DA772E-B393-4DBA-817D-9C7ABC53D752}
	EndGlobalSection
EndGlobal
